{
  "name": "social-media-app",
  "version": "1.0.0",
  "lockfileVersion": 1,
  "requires": true,
  "dependencies": {
    "angular": {
      "version": "1.5.11",
      "resolved": "https://registry.npmjs.org/angular/-/angular-1.5.11.tgz",
      "integrity": "sha1-jFunOG8VllyazzQp9ogVU6raMNY="
    },
    "balanced-match": {
      "version": "1.0.0",
      "resolved": "https://registry.npmjs.org/balanced-match/-/balanced-match-1.0.0.tgz",
      "integrity": "sha1-ibTRmasr7kneFk6gK4nORi1xt2c="
    },
    "bootstrap": {
      "version": "3.3.7",
      "resolved": "https://registry.npmjs.org/bootstrap/-/bootstrap-3.3.7.tgz",
      "integrity": "sha1-WjiTlFSfIzMIdaOxUGVldPip63E="
    },
    "brace-expansion": {
      "version": "1.1.8",
      "resolved": "https://registry.npmjs.org/brace-expansion/-/brace-expansion-1.1.8.tgz",
      "integrity": "sha1-wHshHHyVLsH479Uad+8NHTmQopI=",
      "requires": {
        "balanced-match": "1.0.0",
        "concat-map": "0.0.1"
      }
    },
    "concat-map": {
      "version": "0.0.1",
      "resolved": "https://registry.npmjs.org/concat-map/-/concat-map-0.0.1.tgz",
      "integrity": "sha1-2Klr13/Wjfd5OnMDajug1UBdR3s="
    },
    "escape-string-regexp": {
      "version": "1.0.5",
      "resolved": "https://registry.npmjs.org/escape-string-regexp/-/escape-string-regexp-1.0.5.tgz",
      "integrity": "sha1-G2HAViGQqN/2rjuyzwIAyhMLhtQ="
    },
    "font-awesome": {
      "version": "4.7.0",
      "resolved": "https://registry.npmjs.org/font-awesome/-/font-awesome-4.7.0.tgz",
      "integrity": "sha1-j6jPBBGhoxr9B7BtKQK7n8gVoTM="
    },
    "inherits-ex": {
      "version": "1.2.0",
      "resolved": "https://registry.npmjs.org/inherits-ex/-/inherits-ex-1.2.0.tgz",
      "integrity": "sha1-MVlON25zgZjvdUD9V1lBCl1CQDg=",
      "requires": {
        "xtend": "4.0.1"
      }
    },
    "media-typer": {
      "version": "0.3.0",
      "resolved": "https://registry.npmjs.org/media-typer/-/media-typer-0.3.0.tgz",
      "integrity": "sha1-hxDXrwqmJvj/+hzgAWhUUmMlV0g="
    },
    "mime-db": {
      "version": "1.30.0",
      "resolved": "https://registry.npmjs.org/mime-db/-/mime-db-1.30.0.tgz",
      "integrity": "sha1-dMZD2i3Z1qRTmZY0ZbJtXKfXHwE="
    },
    "mime-type": {
      "version": "3.0.5",
      "resolved": "https://registry.npmjs.org/mime-type/-/mime-type-3.0.5.tgz",
      "integrity": "sha1-ftKSan2oImifgSVPWYf+lQNiLpo=",
      "requires": {
        "media-typer": "0.3.0",
        "minimatch": "3.0.4",
        "path.js": "1.0.7",
        "util-ex": "0.3.15"
      }
    },
    "mime-types": {
      "version": "2.1.17",
      "resolved": "https://registry.npmjs.org/mime-types/-/mime-types-2.1.17.tgz",
      "integrity": "sha1-Cdejk/A+mVp5+K+Fe3Cp4KsWVXo=",
      "requires": {
        "mime-db": "1.30.0"
      }
    },
    "minimatch": {
      "version": "3.0.4",
      "resolved": "https://registry.npmjs.org/minimatch/-/minimatch-3.0.4.tgz",
      "integrity": "sha512-yJHVQEhyqPLUTgt9B83PXu6W3rx4MvvHvSUvToogpwoGDOUQ+yDrR0HRot+yOCdCO7u4hX3pWft6kWBBcqh0UA==",
      "requires": {
        "brace-expansion": "1.1.8"
      }
    },
    "path.js": {
      "version": "1.0.7",
      "resolved": "https://registry.npmjs.org/path.js/-/path.js-1.0.7.tgz",
      "integrity": "sha1-fRNrYH3hm/2YugaIdJJih+ZTSTk=",
      "requires": {
        "escape-string-regexp": "1.0.5",
        "inherits-ex": "1.2.0",
        "util-ex": "0.3.15"
      }
    },
    "util-ex": {
      "version": "0.3.15",
      "resolved": "https://registry.npmjs.org/util-ex/-/util-ex-0.3.15.tgz",
      "integrity": "sha1-+SYc2hPEMn0HQMvme+Eife2LAFg=",
      "requires": {
        "inherits-ex": "1.2.0",
        "xtend": "4.0.1"
      }
    },
    "xtend": {
      "version": "4.0.1",
      "resolved": "https://registry.npmjs.org/xtend/-/xtend-4.0.1.tgz",
      "integrity": "sha1-pcbVMr5lbiPbgg77lDofBJmNY68="
    }
  }
}
